
Microsoft Visual Studio Solution File, Format Version 12.00
# Visual Studio 15
VisualStudioVersion = 15.0.26228.4
MinimumVisualStudioVersion = 10.0.40219.1
Project("{FAE04EC0-301F-11D3-BF4B-00C04F79EFBC}") = "NumberCount", "NumberCount\NumberCount.csproj", "{7011BB6E-C415-433B-BF51-781F92F3E107}"
EndProject
Project("{E53339B2-1760-4266-BCC7-CA923CBCF16C}") = "docker-compose", "docker-compose.dcproj", "{529CDFD6-27CE-4E20-A2E3-47E38D3C0F4A}"
EndProject
Global
	GlobalSection(SolutionConfigurationPlatforms) = preSolution
		Debug|Any CPU = Debug|Any CPU
		Release|Any CPU = Release|Any CPU
	EndGlobalSection
	GlobalSection(ProjectConfigurationPlatforms) = postSolution
		{7011BB6E-C415-433B-BF51-781F92F3E107}.Debug|Any CPU.ActiveCfg = Debug|Any CPU
		{7011BB6E-C415-433B-BF51-781F92F3E107}.Debug|Any CPU.Build.0 = Debug|Any CPU
		{7011BB6E-C415-433B-BF51-781F92F3E107}.Release|Any CPU.ActiveCfg = Release|Any CPU
		{7011BB6E-C415-433B-BF51-781F92F3E107}.Release|Any CPU.Build.0 = Release|Any CPU
		{529CDFD6-27CE-4E20-A2E3-47E38D3C0F4A}.Debug|Any CPU.ActiveCfg = Debug|Any CPU
		{529CDFD6-27CE-4E20-A2E3-47E38D3C0F4A}.Debug|Any CPU.Build.0 = Debug|Any CPU
		{529CDFD6-27CE-4E20-A2E3-47E38D3C0F4A}.Release|Any CPU.ActiveCfg = Release|Any CPU
		{529CDFD6-27CE-4E20-A2E3-47E38D3C0F4A}.Release|Any CPU.Build.0 = Release|Any CPU
	EndGlobalSection
	GlobalSection(SolutionProperties) = preSolution
		HideSolutionNode = FALSE
	EndGlobalSection
EndGlobal
